
Microsoft Visual Studio Solution File, Format Version 12.00
# Visual Studio Version 17
VisualStudioVersion = 17.7.34221.43
MinimumVisualStudioVersion = 10.0.40219.1
Project("{9A19103F-16F7-4668-BE54-9A1E7A4F7556}") = "Blog", "Blog\Blog.csproj", "{F1B67EA9-8CA0-41FA-AC72-532471C847B1}"
EndProject
Project("{FAE04EC0-301F-11D3-BF4B-00C04F79EFBC}") = "Blog.DAL", "Blog.Dal\Blog.DAL.csproj", "{7CB52154-EF02-4079-B7B6-6839BACE9DBB}"
EndProject
Project("{FAE04EC0-301F-11D3-BF4B-00C04F79EFBC}") = "Blog.Core", "Core\Blog.Core.csproj", "{572C6930-AEC9-44B1-8AC1-47464337FABC}"
EndProject
Project("{FAE04EC0-301F-11D3-BF4B-00C04F79EFBC}") = "Blog.BLL", "Blog.PLL\Blog.BLL.csproj", "{B964F14B-F53D-40BF-99C4-8080142BC573}"
EndProject
Global
	GlobalSection(SolutionConfigurationPlatforms) = preSolution
		Debug|Any CPU = Debug|Any CPU
		Release|Any CPU = Release|Any CPU
	EndGlobalSection
	GlobalSection(ProjectConfigurationPlatforms) = postSolution
		{F1B67EA9-8CA0-41FA-AC72-532471C847B1}.Debug|Any CPU.ActiveCfg = Debug|Any CPU
		{F1B67EA9-8CA0-41FA-AC72-532471C847B1}.Debug|Any CPU.Build.0 = Debug|Any CPU
		{F1B67EA9-8CA0-41FA-AC72-532471C847B1}.Release|Any CPU.ActiveCfg = Release|Any CPU
		{F1B67EA9-8CA0-41FA-AC72-532471C847B1}.Release|Any CPU.Build.0 = Release|Any CPU
		{7CB52154-EF02-4079-B7B6-6839BACE9DBB}.Debug|Any CPU.ActiveCfg = Debug|Any CPU
		{7CB52154-EF02-4079-B7B6-6839BACE9DBB}.Debug|Any CPU.Build.0 = Debug|Any CPU
		{7CB52154-EF02-4079-B7B6-6839BACE9DBB}.Release|Any CPU.ActiveCfg = Release|Any CPU
		{7CB52154-EF02-4079-B7B6-6839BACE9DBB}.Release|Any CPU.Build.0 = Release|Any CPU
		{572C6930-AEC9-44B1-8AC1-47464337FABC}.Debug|Any CPU.ActiveCfg = Debug|Any CPU
		{572C6930-AEC9-44B1-8AC1-47464337FABC}.Debug|Any CPU.Build.0 = Debug|Any CPU
		{572C6930-AEC9-44B1-8AC1-47464337FABC}.Release|Any CPU.ActiveCfg = Release|Any CPU
		{572C6930-AEC9-44B1-8AC1-47464337FABC}.Release|Any CPU.Build.0 = Release|Any CPU
		{B964F14B-F53D-40BF-99C4-8080142BC573}.Debug|Any CPU.ActiveCfg = Debug|Any CPU
		{B964F14B-F53D-40BF-99C4-8080142BC573}.Debug|Any CPU.Build.0 = Debug|Any CPU
		{B964F14B-F53D-40BF-99C4-8080142BC573}.Release|Any CPU.ActiveCfg = Release|Any CPU
		{B964F14B-F53D-40BF-99C4-8080142BC573}.Release|Any CPU.Build.0 = Release|Any CPU
	EndGlobalSection
	GlobalSection(SolutionProperties) = preSolution
		HideSolutionNode = FALSE
	EndGlobalSection
	GlobalSection(ExtensibilityGlobals) = postSolution
		SolutionGuid = {09A096E5-02DE-48E4-8C2B-7D51A50EAC49}
	EndGlobalSection
EndGlobal
